
Microsoft Visual Studio Solution File, Format Version 12.00
# Visual Studio Version 16
VisualStudioVersion = 16.0.31205.134
MinimumVisualStudioVersion = 10.0.40219.1
Project("{FAE04EC0-301F-11D3-BF4B-00C04F79EFBC}") = "fukuvHensu", "fukuvHensu\fukuvHensu.csproj", "{DF597339-AB9E-4441-8332-05F82DCDDD69}"
EndProject
Global
	GlobalSection(SolutionConfigurationPlatforms) = preSolution
		Debug|Any CPU = Debug|Any CPU
		Release|Any CPU = Release|Any CPU
	EndGlobalSection
	GlobalSection(ProjectConfigurationPlatforms) = postSolution
		{DF597339-AB9E-4441-8332-05F82DCDDD69}.Debug|Any CPU.ActiveCfg = Debug|Any CPU
		{DF597339-AB9E-4441-8332-05F82DCDDD69}.Debug|Any CPU.Build.0 = Debug|Any CPU
		{DF597339-AB9E-4441-8332-05F82DCDDD69}.Release|Any CPU.ActiveCfg = Release|Any CPU
		{DF597339-AB9E-4441-8332-05F82DCDDD69}.Release|Any CPU.Build.0 = Release|Any CPU
	EndGlobalSection
	GlobalSection(SolutionProperties) = preSolution
		HideSolutionNode = FALSE
	EndGlobalSection
	GlobalSection(ExtensibilityGlobals) = postSolution
		SolutionGuid = {C7629719-290B-4DB1-AFE1-2A320B48AB89}
	EndGlobalSection
EndGlobal
